
Microsoft Visual Studio Solution File, Format Version 12.00
# Visual Studio Version 17
VisualStudioVersion = 17.7.34003.232
MinimumVisualStudioVersion = 10.0.40219.1
Project("{9A19103F-16F7-4668-BE54-9A1E7A4F7556}") = "ElevatorReceiver", "ElevatorReceiver\ElevatorReceiver.csproj", "{4297B389-90EE-4CA0-9C6E-5C33DCA38030}"
EndProject
Project("{FAE04EC0-301F-11D3-BF4B-00C04F79EFBC}") = "Elevator.Common", "Elevator.Common\Elevator.Common.csproj", "{5F927C69-E441-4834-8FDB-14A684B49CD2}"
EndProject
Project("{9A19103F-16F7-4668-BE54-9A1E7A4F7556}") = "ElevatorClient", "ElevatorClient\ElevatorClient.csproj", "{7F2746AB-B75E-4366-BCC0-4BF6DD598387}"
EndProject
Global
	GlobalSection(SolutionConfigurationPlatforms) = preSolution
		Debug|Any CPU = Debug|Any CPU
		Release|Any CPU = Release|Any CPU
	EndGlobalSection
	GlobalSection(ProjectConfigurationPlatforms) = postSolution
		{4297B389-90EE-4CA0-9C6E-5C33DCA38030}.Debug|Any CPU.ActiveCfg = Debug|Any CPU
		{4297B389-90EE-4CA0-9C6E-5C33DCA38030}.Debug|Any CPU.Build.0 = Debug|Any CPU
		{4297B389-90EE-4CA0-9C6E-5C33DCA38030}.Release|Any CPU.ActiveCfg = Release|Any CPU
		{4297B389-90EE-4CA0-9C6E-5C33DCA38030}.Release|Any CPU.Build.0 = Release|Any CPU
		{5F927C69-E441-4834-8FDB-14A684B49CD2}.Debug|Any CPU.ActiveCfg = Debug|Any CPU
		{5F927C69-E441-4834-8FDB-14A684B49CD2}.Debug|Any CPU.Build.0 = Debug|Any CPU
		{5F927C69-E441-4834-8FDB-14A684B49CD2}.Release|Any CPU.ActiveCfg = Release|Any CPU
		{5F927C69-E441-4834-8FDB-14A684B49CD2}.Release|Any CPU.Build.0 = Release|Any CPU
		{7F2746AB-B75E-4366-BCC0-4BF6DD598387}.Debug|Any CPU.ActiveCfg = Debug|Any CPU
		{7F2746AB-B75E-4366-BCC0-4BF6DD598387}.Debug|Any CPU.Build.0 = Debug|Any CPU
		{7F2746AB-B75E-4366-BCC0-4BF6DD598387}.Release|Any CPU.ActiveCfg = Release|Any CPU
		{7F2746AB-B75E-4366-BCC0-4BF6DD598387}.Release|Any CPU.Build.0 = Release|Any CPU
	EndGlobalSection
	GlobalSection(SolutionProperties) = preSolution
		HideSolutionNode = FALSE
	EndGlobalSection
	GlobalSection(ExtensibilityGlobals) = postSolution
		SolutionGuid = {476F6C16-74C0-4446-A21A-3DF8229336DD}
	EndGlobalSection
EndGlobal
